// !$*UTF8*$!
{
	archiveVersion = 1;
	classes = {
	};
	objectVersion = 50;
	objects = {

/* Begin PBXBuildFile section */
		33EDF41D2484DB71005BA703 /* AppDelegate.m in Sources */ = {isa = PBXBuildFile; fileRef = 33EDF41C2484DB71005BA703 /* AppDelegate.m */; };
		33EDF4202484DB71005BA703 /* SceneDelegate.m in Sources */ = {isa = PBXBuildFile; fileRef = 33EDF41F2484DB71005BA703 /* SceneDelegate.m */; };
		33EDF4232484DB71005BA703 /* ViewController.m in Sources */ = {isa = PBXBuildFile; fileRef = 33EDF4222484DB71005BA703 /* ViewController.m */; };
		33EDF4262484DB71005BA703 /* Main.storyboard in Resources */ = {isa = PBXBuildFile; fileRef = 33EDF4242484DB71005BA703 /* Main.storyboard */; };
		33EDF4282484DB73005BA703 /* Assets.xcassets in Resources */ = {isa = PBXBuildFile; fileRef = 33EDF4272484DB73005BA703 /* Assets.xcassets */; };
		33EDF42B2484DB73005BA703 /* LaunchScreen.storyboard in Resources */ = {isa = PBXBuildFile; fileRef = 33EDF4292484DB73005BA703 /* LaunchScreen.storyboard */; };
		33EDF42E2484DB73005BA703 /* main.m in Sources */ = {isa = PBXBuildFile; fileRef = 33EDF42D2484DB73005BA703 /* main.m */; };
		33EDF4382484DB74005BA703 /* LEAVPlayerCacheTests.m in Sources */ = {isa = PBXBuildFile; fileRef = 33EDF4372484DB74005BA703 /* LEAVPlayerCacheTests.m */; };
		33EDF4432484DB74005BA703 /* LEAVPlayerCacheUITests.m in Sources */ = {isa = PBXBuildFile; fileRef = 33EDF4422484DB74005BA703 /* LEAVPlayerCacheUITests.m */; };
		33EDF46A2484DC04005BA703 /* LERequestFragment.m in Sources */ = {isa = PBXBuildFile; fileRef = 33EDF45F2484DC04005BA703 /* LERequestFragment.m */; };
		33EDF46B2484DC04005BA703 /* LERequestCacheManager.m in Sources */ = {isa = PBXBuildFile; fileRef = 33EDF4632484DC04005BA703 /* LERequestCacheManager.m */; };
		33EDF46C2484DC04005BA703 /* LEResourceLoader.m in Sources */ = {isa = PBXBuildFile; fileRef = 33EDF4652484DC04005BA703 /* LEResourceLoader.m */; };
		33EDF46D2484DC04005BA703 /* LEResourceLoaderManager.m in Sources */ = {isa = PBXBuildFile; fileRef = 33EDF4662484DC04005BA703 /* LEResourceLoaderManager.m */; };
		33EDF46E2484DC04005BA703 /* LERequestContentInfo.m in Sources */ = {isa = PBXBuildFile; fileRef = 33EDF4682484DC04005BA703 /* LERequestContentInfo.m */; };
		33EDF46F2484DC04005BA703 /* LERequestDowndloader.m in Sources */ = {isa = PBXBuildFile; fileRef = 33EDF4692484DC04005BA703 /* LERequestDowndloader.m */; };
/* End PBXBuildFile section */

/* Begin PBXContainerItemProxy section */
		33EDF4342484DB74005BA703 /* PBXContainerItemProxy */ = {
			isa = PBXContainerItemProxy;
			containerPortal = 33EDF4102484DB71005BA703 /* Project object */;
			proxyType = 1;
			remoteGlobalIDString = 33EDF4172484DB71005BA703;
			remoteInfo = LEAVPlayerCache;
		};
		33EDF43F2484DB74005BA703 /* PBXContainerItemProxy */ = {
			isa = PBXContainerItemProxy;
			containerPortal = 33EDF4102484DB71005BA703 /* Project object */;
			proxyType = 1;
			remoteGlobalIDString = 33EDF4172484DB71005BA703;
			remoteInfo = LEAVPlayerCache;
		};
/* End PBXContainerItemProxy section */

/* Begin PBXFileReference section */
		33EDF4182484DB71005BA703 /* LEAVPlayerCache.app */ = {isa = PBXFileReference; explicitFileType = wrapper.application; includeInIndex = 0; path = LEAVPlayerCache.app; sourceTree = BUILT_PRODUCTS_DIR; };
		33EDF41B2484DB71005BA703 /* AppDelegate.h */ = {isa = PBXFileReference; lastKnownFileType = sourcecode.c.h; path = AppDelegate.h; sourceTree = "<group>"; };
		33EDF41C2484DB71005BA703 /* AppDelegate.m */ = {isa = PBXFileReference; lastKnownFileType = sourcecode.c.objc; path = AppDelegate.m; sourceTree = "<group>"; };
		33EDF41E2484DB71005BA703 /* SceneDelegate.h */ = {isa = PBXFileReference; lastKnownFileType = sourcecode.c.h; path = SceneDelegate.h; sourceTree = "<group>"; };
		33EDF41F2484DB71005BA703 /* SceneDelegate.m */ = {isa = PBXFileReference; lastKnownFileType = sourcecode.c.objc; path = SceneDelegate.m; sourceTree = "<group>"; };
		33EDF4212484DB71005BA703 /* ViewController.h */ = {isa = PBXFileReference; lastKnownFileType = sourcecode.c.h; path = ViewController.h; sourceTree = "<group>"; };
		33EDF4222484DB71005BA703 /* ViewController.m */ = {isa = PBXFileReference; lastKnownFileType = sourcecode.c.objc; path = ViewController.m; sourceTree = "<group>"; };
		33EDF4252484DB71005BA703 /* Base */ = {isa = PBXFileReference; lastKnownFileType = file.storyboard; name = Base; path = Base.lproj/Main.storyboard; sourceTree = "<group>"; };
		33EDF4272484DB73005BA703 /* Assets.xcassets */ = {isa = PBXFileReference; lastKnownFileType = folder.assetcatalog; path = Assets.xcassets; sourceTree = "<group>"; };
		33EDF42A2484DB73005BA703 /* Base */ = {isa = PBXFileReference; lastKnownFileType = file.storyboard; name = Base; path = Base.lproj/LaunchScreen.storyboard; sourceTree = "<group>"; };
		33EDF42C2484DB73005BA703 /* Info.plist */ = {isa = PBXFileReference; lastKnownFileType = text.plist.xml; path = Info.plist; sourceTree = "<group>"; };
		33EDF42D2484DB73005BA703 /* main.m */ = {isa = PBXFileReference; lastKnownFileType = sourcecode.c.objc; path = main.m; sourceTree = "<group>"; };
		33EDF4332484DB74005BA703 /* LEAVPlayerCacheTests.xctest */ = {isa = PBXFileReference; explicitFileType = wrapper.cfbundle; includeInIndex = 0; path = LEAVPlayerCacheTests.xctest; sourceTree = BUILT_PRODUCTS_DIR; };
		33EDF4372484DB74005BA703 /* LEAVPlayerCacheTests.m */ = {isa = PBXFileReference; lastKnownFileType = sourcecode.c.objc; path = LEAVPlayerCacheTests.m; sourceTree = "<group>"; };
		33EDF4392484DB74005BA703 /* Info.plist */ = {isa = PBXFileReference; lastKnownFileType = text.plist.xml; path = Info.plist; sourceTree = "<group>"; };
		33EDF43E2484DB74005BA703 /* LEAVPlayerCacheUITests.xctest */ = {isa = PBXFileReference; explicitFileType = wrapper.cfbundle; includeInIndex = 0; path = LEAVPlayerCacheUITests.xctest; sourceTree = BUILT_PRODUCTS_DIR; };
		33EDF4422484DB74005BA703 /* LEAVPlayerCacheUITests.m */ = {isa = PBXFileReference; lastKnownFileType = sourcecode.c.objc; path = LEAVPlayerCacheUITests.m; sourceTree = "<group>"; };
		33EDF4442484DB74005BA703 /* Info.plist */ = {isa = PBXFileReference; lastKnownFileType = text.plist.xml; path = Info.plist; sourceTree = "<group>"; };
		33EDF45E2484DC04005BA703 /* LEResourceLoader.h */ = {isa = PBXFileReference; fileEncoding = 4; lastKnownFileType = sourcecode.c.h; path = LEResourceLoader.h; sourceTree = "<group>"; };
		33EDF45F2484DC04005BA703 /* LERequestFragment.m */ = {isa = PBXFileReference; fileEncoding = 4; lastKnownFileType = sourcecode.c.objc; path = LERequestFragment.m; sourceTree = "<group>"; };
		33EDF4602484DC04005BA703 /* LEResourceLoaderManager.h */ = {isa = PBXFileReference; fileEncoding = 4; lastKnownFileType = sourcecode.c.h; path = LEResourceLoaderManager.h; sourceTree = "<group>"; };
		33EDF4612484DC04005BA703 /* LERequestDowndloader.h */ = {isa = PBXFileReference; fileEncoding = 4; lastKnownFileType = sourcecode.c.h; path = LERequestDowndloader.h; sourceTree = "<group>"; };
		33EDF4622484DC04005BA703 /* LERequestContentInfo.h */ = {isa = PBXFileReference; fileEncoding = 4; lastKnownFileType = sourcecode.c.h; path = LERequestContentInfo.h; sourceTree = "<group>"; };
		33EDF4632484DC04005BA703 /* LERequestCacheManager.m */ = {isa = PBXFileReference; fileEncoding = 4; lastKnownFileType = sourcecode.c.objc; path = LERequestCacheManager.m; sourceTree = "<group>"; };
		33EDF4642484DC04005BA703 /* LERequestFragment.h */ = {isa = PBXFileReference; fileEncoding = 4; lastKnownFileType = sourcecode.c.h; path = LERequestFragment.h; sourceTree = "<group>"; };
		33EDF4652484DC04005BA703 /* LEResourceLoader.m */ = {isa = PBXFileReference; fileEncoding = 4; lastKnownFileType = sourcecode.c.objc; path = LEResourceLoader.m; sourceTree = "<group>"; };
		33EDF4662484DC04005BA703 /* LEResourceLoaderManager.m */ = {isa = PBXFileReference; fileEncoding = 4; lastKnownFileType = sourcecode.c.objc; path = LEResourceLoaderManager.m; sourceTree = "<group>"; };
		33EDF4672484DC04005BA703 /* LERequestCacheManager.h */ = {isa = PBXFileReference; fileEncoding = 4; lastKnownFileType = sourcecode.c.h; path = LERequestCacheManager.h; sourceTree = "<group>"; };
		33EDF4682484DC04005BA703 /* LERequestContentInfo.m */ = {isa = PBXFileReference; fileEncoding = 4; lastKnownFileType = sourcecode.c.objc; path = LERequestContentInfo.m; sourceTree = "<group>"; };
		33EDF4692484DC04005BA703 /* LERequestDowndloader.m */ = {isa = PBXFileReference; fileEncoding = 4; lastKnownFileType = sourcecode.c.objc; path = LERequestDowndloader.m; sourceTree = "<group>"; };
/* End PBXFileReference section */

/* Begin PBXFrameworksBuildPhase section */
		33EDF4152484DB71005BA703 /* Frameworks */ = {
			isa = PBXFrameworksBuildPhase;
			buildActionMask = 2147483647;
			files = (
			);
			runOnlyForDeploymentPostprocessing = 0;
		};
		33EDF4302484DB74005BA703 /* Frameworks */ = {
			isa = PBXFrameworksBuildPhase;
			buildActionMask = 2147483647;
			files = (
			);
			runOnlyForDeploymentPostprocessing = 0;
		};
		33EDF43B2484DB74005BA703 /* Frameworks */ = {
			isa = PBXFrameworksBuildPhase;
			buildActionMask = 2147483647;
			files = (
			);
			runOnlyForDeploymentPostprocessing = 0;
		};
/* End PBXFrameworksBuildPhase section */

/* Begin PBXGroup section */
		33EDF40F2484DB71005BA703 = {
			isa = PBXGroup;
			children = (
				33EDF41A2484DB71005BA703 /* LEAVPlayerCache */,
				33EDF4362484DB74005BA703 /* LEAVPlayerCacheTests */,
				33EDF4412484DB74005BA703 /* LEAVPlayerCacheUITests */,
				33EDF4192484DB71005BA703 /* Products */,
			);
			sourceTree = "<group>";
		};
		33EDF4192484DB71005BA703 /* Products */ = {
			isa = PBXGroup;
			children = (
				33EDF4182484DB71005BA703 /* LEAVPlayerCache.app */,
				33EDF4332484DB74005BA703 /* LEAVPlayerCacheTests.xctest */,
				33EDF43E2484DB74005BA703 /* LEAVPlayerCacheUITests.xctest */,
			);
			name = Products;
			sourceTree = "<group>";
		};
		33EDF41A2484DB71005BA703 /* LEAVPlayerCache */ = {
			isa = PBXGroup;
			children = (
				33EDF41B2484DB71005BA703 /* AppDelegate.h */,
				33EDF41C2484DB71005BA703 /* AppDelegate.m */,
				33EDF41E2484DB71005BA703 /* SceneDelegate.h */,
				33EDF41F2484DB71005BA703 /* SceneDelegate.m */,
				33EDF4212484DB71005BA703 /* ViewController.h */,
				33EDF4222484DB71005BA703 /* ViewController.m */,
				33EDF45D2484DC04005BA703 /* LEAVPlayerCache */,
				33EDF4242484DB71005BA703 /* Main.storyboard */,
				33EDF4272484DB73005BA703 /* Assets.xcassets */,
				33EDF4292484DB73005BA703 /* LaunchScreen.storyboard */,
				33EDF42C2484DB73005BA703 /* Info.plist */,
				33EDF42D2484DB73005BA703 /* main.m */,
			);
			path = LEAVPlayerCache;
			sourceTree = "<group>";
		};
		33EDF4362484DB74005BA703 /* LEAVPlayerCacheTests */ = {
			isa = PBXGroup;
			children = (
				33EDF4372484DB74005BA703 /* LEAVPlayerCacheTests.m */,
				33EDF4392484DB74005BA703 /* Info.plist */,
			);
			path = LEAVPlayerCacheTests;
			sourceTree = "<group>";
		};
		33EDF4412484DB74005BA703 /* LEAVPlayerCacheUITests */ = {
			isa = PBXGroup;
			children = (
				33EDF4422484DB74005BA703 /* LEAVPlayerCacheUITests.m */,
				33EDF4442484DB74005BA703 /* Info.plist */,
			);
			path = LEAVPlayerCacheUITests;
			sourceTree = "<group>";
		};
		33EDF45D2484DC04005BA703 /* LEAVPlayerCache */ = {
			isa = PBXGroup;
			children = (
				33EDF45E2484DC04005BA703 /* LEResourceLoader.h */,
				33EDF45F2484DC04005BA703 /* LERequestFragment.m */,
				33EDF4602484DC04005BA703 /* LEResourceLoaderManager.h */,
				33EDF4612484DC04005BA703 /* LERequestDowndloader.h */,
				33EDF4622484DC04005BA703 /* LERequestContentInfo.h */,
				33EDF4632484DC04005BA703 /* LERequestCacheManager.m */,
				33EDF4642484DC04005BA703 /* LERequestFragment.h */,
				33EDF4652484DC04005BA703 /* LEResourceLoader.m */,
				33EDF4662484DC04005BA703 /* LEResourceLoaderManager.m */,
				33EDF4672484DC04005BA703 /* LERequestCacheManager.h */,
				33EDF4682484DC04005BA703 /* LERequestContentInfo.m */,
				33EDF4692484DC04005BA703 /* LERequestDowndloader.m */,
			);
			path = LEAVPlayerCache;
			sourceTree = "<group>";
		};
/* End PBXGroup section */

/* Begin PBXNativeTarget section */
		33EDF4172484DB71005BA703 /* LEAVPlayerCache */ = {
			isa = PBXNativeTarget;
			buildConfigurationList = 33EDF4472484DB74005BA703 /* Build configuration list for PBXNativeTarget "LEAVPlayerCache" */;
			buildPhases = (
				33EDF4142484DB71005BA703 /* Sources */,
				33EDF4152484DB71005BA703 /* Frameworks */,
				33EDF4162484DB71005BA703 /* Resources */,
			);
			buildRules = (
			);
			dependencies = (
			);
			name = LEAVPlayerCache;
			productName = LEAVPlayerCache;
			productReference = 33EDF4182484DB71005BA703 /* LEAVPlayerCache.app */;
			productType = "com.apple.product-type.application";
		};
		33EDF4322484DB74005BA703 /* LEAVPlayerCacheTests */ = {
			isa = PBXNativeTarget;
			buildConfigurationList = 33EDF44A2484DB74005BA703 /* Build configuration list for PBXNativeTarget "LEAVPlayerCacheTests" */;
			buildPhases = (
				33EDF42F2484DB74005BA703 /* Sources */,
				33EDF4302484DB74005BA703 /* Frameworks */,
				33EDF4312484DB74005BA703 /* Resources */,
			);
			buildRules = (
			);
			dependencies = (
				33EDF4352484DB74005BA703 /* PBXTargetDependency */,
			);
			name = LEAVPlayerCacheTests;
			productName = LEAVPlayerCacheTests;
			productReference = 33EDF4332484DB74005BA703 /* LEAVPlayerCacheTests.xctest */;
			productType = "com.apple.product-type.bundle.unit-test";
		};
		33EDF43D2484DB74005BA703 /* LEAVPlayerCacheUITests */ = {
			isa = PBXNativeTarget;
			buildConfigurationList = 33EDF44D2484DB74005BA703 /* Build configuration list for PBXNativeTarget "LEAVPlayerCacheUITests" */;
			buildPhases = (
				33EDF43A2484DB74005BA703 /* Sources */,
				33EDF43B2484DB74005BA703 /* Frameworks */,
				33EDF43C2484DB74005BA703 /* Resources */,
			);
			buildRules = (
			);
			dependencies = (
				33EDF4402484DB74005BA703 /* PBXTargetDependency */,
			);
			name = LEAVPlayerCacheUITests;
			productName = LEAVPlayerCacheUITests;
			productReference = 33EDF43E2484DB74005BA703 /* LEAVPlayerCacheUITests.xctest */;
			productType = "com.apple.product-type.bundle.ui-testing";
		};
/* End PBXNativeTarget section */

/* Begin PBXProject section */
		33EDF4102484DB71005BA703 /* Project object */ = {
			isa = PBXProject;
			attributes = {
				LastUpgradeCheck = 1150;
				ORGANIZATIONNAME = Liven;
				TargetAttributes = {
					33EDF4172484DB71005BA703 = {
						CreatedOnToolsVersion = 11.5;
					};
					33EDF4322484DB74005BA703 = {
						CreatedOnToolsVersion = 11.5;
						TestTargetID = 33EDF4172484DB71005BA703;
					};
					33EDF43D2484DB74005BA703 = {
						CreatedOnToolsVersion = 11.5;
						TestTargetID = 33EDF4172484DB71005BA703;
					};
				};
			};
			buildConfigurationList = 33EDF4132484DB71005BA703 /* Build configuration list for PBXProject "LEAVPlayerCache" */;
			compatibilityVersion = "Xcode 9.3";
			developmentRegion = en;
			hasScannedForEncodings = 0;
			knownRegions = (
				en,
				Base,
			);
			mainGroup = 33EDF40F2484DB71005BA703;
			productRefGroup = 33EDF4192484DB71005BA703 /* Products */;
			projectDirPath = "";
			projectRoot = "";
			targets = (
				33EDF4172484DB71005BA703 /* LEAVPlayerCache */,
				33EDF4322484DB74005BA703 /* LEAVPlayerCacheTests */,
				33EDF43D2484DB74005BA703 /* LEAVPlayerCacheUITests */,
			);
		};
/* End PBXProject section */

/* Begin PBXResourcesBuildPhase section */
		33EDF4162484DB71005BA703 /* Resources */ = {
			isa = PBXResourcesBuildPhase;
			buildActionMask = 2147483647;
			files = (
				33EDF42B2484DB73005BA703 /* LaunchScreen.storyboard in Resources */,
				33EDF4282484DB73005BA703 /* Assets.xcassets in Resources */,
				33EDF4262484DB71005BA703 /* Main.storyboard in Resources */,
			);
			runOnlyForDeploymentPostprocessing = 0;
		};
		33EDF4312484DB74005BA703 /* Resources */ = {
			isa = PBXResourcesBuildPhase;
			buildActionMask = 2147483647;
			files = (
			);
			runOnlyForDeploymentPostprocessing = 0;
		};
		33EDF43C2484DB74005BA703 /* Resources */ = {
			isa = PBXResourcesBuildPhase;
			buildActionMask = 2147483647;
			files = (
			);
			runOnlyForDeploymentPostprocessing = 0;
		};
/* End PBXResourcesBuildPhase section */

/* Begin PBXSourcesBuildPhase section */
		33EDF4142484DB71005BA703 /* Sources */ = {
			isa = PBXSourcesBuildPhase;
			buildActionMask = 2147483647;
			files = (
				33EDF46E2484DC04005BA703 /* LERequestContentInfo.m in Sources */,
				33EDF4232484DB71005BA703 /* ViewController.m in Sources */,
				33EDF41D2484DB71005BA703 /* AppDelegate.m in Sources */,
				33EDF42E2484DB73005BA703 /* main.m in Sources */,
				33EDF46C2484DC04005BA703 /* LEResourceLoader.m in Sources */,
				33EDF46B2484DC04005BA703 /* LERequestCacheManager.m in Sources */,
				33EDF46F2484DC04005BA703 /* LERequestDowndloader.m in Sources */,
				33EDF46A2484DC04005BA703 /* LERequestFragment.m in Sources */,
				33EDF4202484DB71005BA703 /* SceneDelegate.m in Sources */,
				33EDF46D2484DC04005BA703 /* LEResourceLoaderManager.m in Sources */,
			);
			runOnlyForDeploymentPostprocessing = 0;
		};
		33EDF42F2484DB74005BA703 /* Sources */ = {
			isa = PBXSourcesBuildPhase;
			buildActionMask = 2147483647;
			files = (
				33EDF4382484DB74005BA703 /* LEAVPlayerCacheTests.m in Sources */,
			);
			runOnlyForDeploymentPostprocessing = 0;
		};
		33EDF43A2484DB74005BA703 /* Sources */ = {
			isa = PBXSourcesBuildPhase;
			buildActionMask = 2147483647;
			files = (
				33EDF4432484DB74005BA703 /* LEAVPlayerCacheUITests.m in Sources */,
			);
			runOnlyForDeploymentPostprocessing = 0;
		};
/* End PBXSourcesBuildPhase section */

/* Begin PBXTargetDependency section */
		33EDF4352484DB74005BA703 /* PBXTargetDependency */ = {
			isa = PBXTargetDependency;
			target = 33EDF4172484DB71005BA703 /* LEAVPlayerCache */;
			targetProxy = 33EDF4342484DB74005BA703 /* PBXContainerItemProxy */;
		};
		33EDF4402484DB74005BA703 /* PBXTargetDependency */ = {
			isa = PBXTargetDependency;
			target = 33EDF4172484DB71005BA703 /* LEAVPlayerCache */;
			targetProxy = 33EDF43F2484DB74005BA703 /* PBXContainerItemProxy */;
		};
/* End PBXTargetDependency section */

/* Begin PBXVariantGroup section */
		33EDF4242484DB71005BA703 /* Main.storyboard */ = {
			isa = PBXVariantGroup;
			children = (
				33EDF4252484DB71005BA703 /* Base */,
			);
			name = Main.storyboard;
			sourceTree = "<group>";
		};
		33EDF4292484DB73005BA703 /* LaunchScreen.storyboard */ = {
			isa = PBXVariantGroup;
			children = (
				33EDF42A2484DB73005BA703 /* Base */,
			);
			name = LaunchScreen.storyboard;
			sourceTree = "<group>";
		};
/* End PBXVariantGroup section */

/* Begin XCBuildConfiguration section */
		33EDF4452484DB74005BA703 /* Debug */ = {
			isa = XCBuildConfiguration;
			buildSettings = {
				ALWAYS_SEARCH_USER_PATHS = NO;
				CLANG_ANALYZER_NONNULL = YES;
				CLANG_ANALYZER_NUMBER_OBJECT_CONVERSION = YES_AGGRESSIVE;
				CLANG_CXX_LANGUAGE_STANDARD = "gnu++14";
				CLANG_CXX_LIBRARY = "libc++";
				CLANG_ENABLE_MODULES = YES;
				CLANG_ENABLE_OBJC_ARC = YES;
				CLANG_ENABLE_OBJC_WEAK = YES;
				CLANG_WARN_BLOCK_CAPTURE_AUTORELEASING = YES;
				CLANG_WARN_BOOL_CONVERSION = YES;
				CLANG_WARN_COMMA = YES;
				CLANG_WARN_CONSTANT_CONVERSION = YES;
				CLANG_WARN_DEPRECATED_OBJC_IMPLEMENTATIONS = YES;
				CLANG_WARN_DIRECT_OBJC_ISA_USAGE = YES_ERROR;
				CLANG_WARN_DOCUMENTATION_COMMENTS = YES;
				CLANG_WARN_EMPTY_BODY = YES;
				CLANG_WARN_ENUM_CONVERSION = YES;
				CLANG_WARN_INFINITE_RECURSION = YES;
				CLANG_WARN_INT_CONVERSION = YES;
				CLANG_WARN_NON_LITERAL_NULL_CONVERSION = YES;
				CLANG_WARN_OBJC_IMPLICIT_RETAIN_SELF = YES;
				CLANG_WARN_OBJC_LITERAL_CONVERSION = YES;
				CLANG_WARN_OBJC_ROOT_CLASS = YES_ERROR;
				CLANG_WARN_RANGE_LOOP_ANALYSIS = YES;
				CLANG_WARN_STRICT_PROTOTYPES = YES;
				CLANG_WARN_SUSPICIOUS_MOVE = YES;
				CLANG_WARN_UNGUARDED_AVAILABILITY = YES_AGGRESSIVE;
				CLANG_WARN_UNREACHABLE_CODE = YES;
				CLANG_WARN__DUPLICATE_METHOD_MATCH = YES;
				COPY_PHASE_STRIP = NO;
				DEBUG_INFORMATION_FORMAT = dwarf;
				ENABLE_STRICT_OBJC_MSGSEND = YES;
				ENABLE_TESTABILITY = YES;
				GCC_C_LANGUAGE_STANDARD = gnu11;
				GCC_DYNAMIC_NO_PIC = NO;
				GCC_NO_COMMON_BLOCKS = YES;
				GCC_OPTIMIZATION_LEVEL = 0;
				GCC_PREPROCESSOR_DEFINITIONS = (
					"DEBUG=1",
					"$(inherited)",
				);
				GCC_WARN_64_TO_32_BIT_CONVERSION = YES;
				GCC_WARN_ABOUT_RETURN_TYPE = YES_ERROR;
				GCC_WARN_UNDECLARED_SELECTOR = YES;
				GCC_WARN_UNINITIALIZED_AUTOS = YES_AGGRESSIVE;
				GCC_WARN_UNUSED_FUNCTION = YES;
				GCC_WARN_UNUSED_VARIABLE = YES;
				IPHONEOS_DEPLOYMENT_TARGET = 13.5;
				MTL_ENABLE_DEBUG_INFO = INCLUDE_SOURCE;
				MTL_FAST_MATH = YES;
				ONLY_ACTIVE_ARCH = YES;
				SDKROOT = iphoneos;
			};
			name = Debug;
		};
		33EDF4462484DB74005BA703 /* Release */ = {
			isa = XCBuildConfiguration;
			buildSettings = {
				ALWAYS_SEARCH_USER_PATHS = NO;
				CLANG_ANALYZER_NONNULL = YES;
				CLANG_ANALYZER_NUMBER_OBJECT_CONVERSION = YES_AGGRESSIVE;
				CLANG_CXX_LANGUAGE_STANDARD = "gnu++14";
				CLANG_CXX_LIBRARY = "libc++";
				CLANG_ENABLE_MODULES = YES;
				CLANG_ENABLE_OBJC_ARC = YES;
				CLANG_ENABLE_OBJC_WEAK = YES;
				CLANG_WARN_BLOCK_CAPTURE_AUTORELEASING = YES;
				CLANG_WARN_BOOL_CONVERSION = YES;
				CLANG_WARN_COMMA = YES;
				CLANG_WARN_CONSTANT_CONVERSION = YES;
				CLANG_WARN_DEPRECATED_OBJC_IMPLEMENTATIONS = YES;
				CLANG_WARN_DIRECT_OBJC_ISA_USAGE = YES_ERROR;
				CLANG_WARN_DOCUMENTATION_COMMENTS = YES;
				CLANG_WARN_EMPTY_BODY = YES;
				CLANG_WARN_ENUM_CONVERSION = YES;
				CLANG_WARN_INFINITE_RECURSION = YES;
				CLANG_WARN_INT_CONVERSION = YES;
				CLANG_WARN_NON_LITERAL_NULL_CONVERSION = YES;
				CLANG_WARN_OBJC_IMPLICIT_RETAIN_SELF = YES;
				CLANG_WARN_OBJC_LITERAL_CONVERSION = YES;
				CLANG_WARN_OBJC_ROOT_CLASS = YES_ERROR;
				CLANG_WARN_RANGE_LOOP_ANALYSIS = YES;
				CLANG_WARN_STRICT_PROTOTYPES = YES;
				CLANG_WARN_SUSPICIOUS_MOVE = YES;
				CLANG_WARN_UNGUARDED_AVAILABILITY = YES_AGGRESSIVE;
				CLANG_WARN_UNREACHABLE_CODE = YES;
				CLANG_WARN__DUPLICATE_METHOD_MATCH = YES;
				COPY_PHASE_STRIP = NO;
				DEBUG_INFORMATION_FORMAT = "dwarf-with-dsym";
				ENABLE_NS_ASSERTIONS = NO;
				ENABLE_STRICT_OBJC_MSGSEND = YES;
				GCC_C_LANGUAGE_STANDARD = gnu11;
				GCC_NO_COMMON_BLOCKS = YES;
				GCC_WARN_64_TO_32_BIT_CONVERSION = YES;
				GCC_WARN_ABOUT_RETURN_TYPE = YES_ERROR;
				GCC_WARN_UNDECLARED_SELECTOR = YES;
				GCC_WARN_UNINITIALIZED_AUTOS = YES_AGGRESSIVE;
				GCC_WARN_UNUSED_FUNCTION = YES;
				GCC_WARN_UNUSED_VARIABLE = YES;
				IPHONEOS_DEPLOYMENT_TARGET = 13.5;
				MTL_ENABLE_DEBUG_INFO = NO;
				MTL_FAST_MATH = YES;
				SDKROOT = iphoneos;
				VALIDATE_PRODUCT = YES;
			};
			name = Release;
		};
		33EDF4482484DB74005BA703 /* Debug */ = {
			isa = XCBuildConfiguration;
			buildSettings = {
				ASSETCATALOG_COMPILER_APPICON_NAME = AppIcon;
				CODE_SIGN_STYLE = Automatic;
				DEVELOPMENT_TEAM = 39W36KN2YK;
				INFOPLIST_FILE = LEAVPlayerCache/Info.plist;
				IPHONEOS_DEPLOYMENT_TARGET = 9.0;
				LD_RUNPATH_SEARCH_PATHS = (
					"$(inherited)",
					"@executable_path/Frameworks",
				);
				PRODUCT_BUNDLE_IDENTIFIER = com.TiantianTrade.LEAVPlayerCache;
				PRODUCT_NAME = "$(TARGET_NAME)";
				TARGETED_DEVICE_FAMILY = 1;
			};
			name = Debug;
		};
		33EDF4492484DB74005BA703 /* Release */ = {
			isa = XCBuildConfiguration;
			buildSettings = {
				ASSETCATALOG_COMPILER_APPICON_NAME = AppIcon;
				CODE_SIGN_STYLE = Automatic;
				DEVELOPMENT_TEAM = 39W36KN2YK;
				INFOPLIST_FILE = LEAVPlayerCache/Info.plist;
				IPHONEOS_DEPLOYMENT_TARGET = 9.0;
				LD_RUNPATH_SEARCH_PATHS = (
					"$(inherited)",
					"@executable_path/Frameworks",
				);
				PRODUCT_BUNDLE_IDENTIFIER = com.TiantianTrade.LEAVPlayerCache;
				PRODUCT_NAME = "$(TARGET_NAME)";
				TARGETED_DEVICE_FAMILY = 1;
			};
			name = Release;
		};
		33EDF44B2484DB74005BA703 /* Debug */ = {
			isa = XCBuildConfiguration;
			buildSettings = {
				BUNDLE_LOADER = "$(TEST_HOST)";
				CODE_SIGN_STYLE = Automatic;
				INFOPLIST_FILE = LEAVPlayerCacheTests/Info.plist;
				IPHONEOS_DEPLOYMENT_TARGET = 13.5;
				LD_RUNPATH_SEARCH_PATHS = (
					"$(inherited)",
					"@executable_path/Frameworks",
					"@loader_path/Frameworks",
				);
				PRODUCT_BUNDLE_IDENTIFIER = com.TiantianTrade.LEAVPlayerCacheTests;
				PRODUCT_NAME = "$(TARGET_NAME)";
				TARGETED_DEVICE_FAMILY = "1,2";
				TEST_HOST = "$(BUILT_PRODUCTS_DIR)/LEAVPlayerCache.app/LEAVPlayerCache";
			};
			name = Debug;
		};
		33EDF44C2484DB74005BA703 /* Release */ = {
			isa = XCBuildConfiguration;
			buildSettings = {
				BUNDLE_LOADER = "$(TEST_HOST)";
				CODE_SIGN_STYLE = Automatic;
				INFOPLIST_FILE = LEAVPlayerCacheTests/Info.plist;
				IPHONEOS_DEPLOYMENT_TARGET = 13.5;
				LD_RUNPATH_SEARCH_PATHS = (
					"$(inherited)",
					"@executable_path/Frameworks",
					"@loader_path/Frameworks",
				);
				PRODUCT_BUNDLE_IDENTIFIER = com.TiantianTrade.LEAVPlayerCacheTests;
				PRODUCT_NAME = "$(TARGET_NAME)";
				TARGETED_DEVICE_FAMILY = "1,2";
				TEST_HOST = "$(BUILT_PRODUCTS_DIR)/LEAVPlayerCache.app/LEAVPlayerCache";
			};
			name = Release;
		};
		33EDF44E2484DB74005BA703 /* Debug */ = {
			isa = XCBuildConfiguration;
			buildSettings = {
				CODE_SIGN_STYLE = Automatic;
				INFOPLIST_FILE = LEAVPlayerCacheUITests/Info.plist;
				LD_RUNPATH_SEARCH_PATHS = (
					"$(inherited)",
					"@executable_path/Frameworks",
					"@loader_path/Frameworks",
				);
				PRODUCT_BUNDLE_IDENTIFIER = com.TiantianTrade.LEAVPlayerCacheUITests;
				PRODUCT_NAME = "$(TARGET_NAME)";
				TARGETED_DEVICE_FAMILY = "1,2";
				TEST_TARGET_NAME = LEAVPlayerCache;
			};
			name = Debug;
		};
		33EDF44F2484DB74005BA703 /* Release */ = {
			isa = XCBuildConfiguration;
			buildSettings = {
				CODE_SIGN_STYLE = Automatic;
				INFOPLIST_FILE = LEAVPlayerCacheUITests/Info.plist;
				LD_RUNPATH_SEARCH_PATHS = (
					"$(inherited)",
					"@executable_path/Frameworks",
					"@loader_path/Frameworks",
				);
				PRODUCT_BUNDLE_IDENTIFIER = com.TiantianTrade.LEAVPlayerCacheUITests;
				PRODUCT_NAME = "$(TARGET_NAME)";
				TARGETED_DEVICE_FAMILY = "1,2";
				TEST_TARGET_NAME = LEAVPlayerCache;
			};
			name = Release;
		};
/* End XCBuildConfiguration section */

/* Begin XCConfigurationList section */
		33EDF4132484DB71005BA703 /* Build configuration list for PBXProject "LEAVPlayerCache" */ = {
			isa = XCConfigurationList;
			buildConfigurations = (
				33EDF4452484DB74005BA703 /* Debug */,
				33EDF4462484DB74005BA703 /* Release */,
			);
			defaultConfigurationIsVisible = 0;
			defaultConfigurationName = Release;
		};
		33EDF4472484DB74005BA703 /* Build configuration list for PBXNativeTarget "LEAVPlayerCache" */ = {
			isa = XCConfigurationList;
			buildConfigurations = (
				33EDF4482484DB74005BA703 /* Debug */,
				33EDF4492484DB74005BA703 /* Release */,
			);
			defaultConfigurationIsVisible = 0;
			defaultConfigurationName = Release;
		};
		33EDF44A2484DB74005BA703 /* Build configuration list for PBXNativeTarget "LEAVPlayerCacheTests" */ = {
			isa = XCConfigurationList;
			buildConfigurations = (
				33EDF44B2484DB74005BA703 /* Debug */,
				33EDF44C2484DB74005BA703 /* Release */,
			);
			defaultConfigurationIsVisible = 0;
			defaultConfigurationName = Release;
		};
		33EDF44D2484DB74005BA703 /* Build configuration list for PBXNativeTarget "LEAVPlayerCacheUITests" */ = {
			isa = XCConfigurationList;
			buildConfigurations = (
				33EDF44E2484DB74005BA703 /* Debug */,
				33EDF44F2484DB74005BA703 /* Release */,
			);
			defaultConfigurationIsVisible = 0;
			defaultConfigurationName = Release;
		};
/* End XCConfigurationList section */
	};
	rootObject = 33EDF4102484DB71005BA703 /* Project object */;
}
